// !$*UTF8*$!
{
	archiveVersion = 1;
	classes = {
	};
	objectVersion = 56;
	objects = {

/* Begin PBXBuildFile section */
		2BB6274529A67E5200CF30C2 /* ella_walletApp.swift in Sources */ = {isa = PBXBuildFile; fileRef = 2BB6274429A67E5200CF30C2 /* ella_walletApp.swift */; };
		2BB6274729A67E5200CF30C2 /* RouterView.swift in Sources */ = {isa = PBXBuildFile; fileRef = 2BB6274629A67E5200CF30C2 /* RouterView.swift */; };
		2BB6274929A67E5300CF30C2 /* Assets.xcassets in Resources */ = {isa = PBXBuildFile; fileRef = 2BB6274829A67E5300CF30C2 /* Assets.xcassets */; };
		2BB6274C29A67E5300CF30C2 /* Preview Assets.xcassets in Resources */ = {isa = PBXBuildFile; fileRef = 2BB6274B29A67E5300CF30C2 /* Preview Assets.xcassets */; };
		2BB6275829A67F8900CF30C2 /* Colors.xcassets in Resources */ = {isa = PBXBuildFile; fileRef = 2BB6275729A67F8900CF30C2 /* Colors.xcassets */; };
		2BB6275D29A67FD300CF30C2 /* Color.swift in Sources */ = {isa = PBXBuildFile; fileRef = 2BB6275B29A67FD300CF30C2 /* Color.swift */; };
		2BB6275F29A6846D00CF30C2 /* WalletController.swift in Sources */ = {isa = PBXBuildFile; fileRef = 2BB6275E29A6846D00CF30C2 /* WalletController.swift */; };
		2BB6276129A6862500CF30C2 /* WelcomeView.swift in Sources */ = {isa = PBXBuildFile; fileRef = 2BB6276029A6862500CF30C2 /* WelcomeView.swift */; };
		2BB6276429A6865800CF30C2 /* WalletTabView.swift in Sources */ = {isa = PBXBuildFile; fileRef = 2BB6276329A6865800CF30C2 /* WalletTabView.swift */; };
		2BB6276729A6F87800CF30C2 /* CreateWallet.swift in Sources */ = {isa = PBXBuildFile; fileRef = 2BB6276629A6F87800CF30C2 /* CreateWallet.swift */; };
		2BB6276929A6FE4700CF30C2 /* iOSCheckboxToggleStyle.swift in Sources */ = {isa = PBXBuildFile; fileRef = 2BB6276829A6FE4700CF30C2 /* iOSCheckboxToggleStyle.swift */; };
		2BB6276C29A7011100CF30C2 /* MnemonicSwift in Frameworks */ = {isa = PBXBuildFile; productRef = 2BB6276B29A7011100CF30C2 /* MnemonicSwift */; };
		2BB6277029A7C52100CF30C2 /* CreateWalletProgressView.swift in Sources */ = {isa = PBXBuildFile; fileRef = 2BB6276F29A7C52100CF30C2 /* CreateWalletProgressView.swift */; };
		2BB6277629A7E24E00CF30C2 /* CryptoSwift in Frameworks */ = {isa = PBXBuildFile; productRef = 2BB6277529A7E24E00CF30C2 /* CryptoSwift */; };
		2BB6277829A7E41800CF30C2 /* DataToHex.swift in Sources */ = {isa = PBXBuildFile; fileRef = 2BB6277729A7E41800CF30C2 /* DataToHex.swift */; };
		2BB6277D29A7EAE700CF30C2 /* WalletErrors.swift in Sources */ = {isa = PBXBuildFile; fileRef = 2BB6277C29A7EAE700CF30C2 /* WalletErrors.swift */; };
		2BB6278029A7F7F400CF30C2 /* RealHTTP in Frameworks */ = {isa = PBXBuildFile; productRef = 2BB6277F29A7F7F400CF30C2 /* RealHTTP */; };
		2BB6278329A7F8CC00CF30C2 /* GeneralConfig-Example.swift in Sources */ = {isa = PBXBuildFile; fileRef = 2BB6278229A7F8CC00CF30C2 /* GeneralConfig-Example.swift */; };
		2BB6278929A840EF00CF30C2 /* WalletCreation.swift in Sources */ = {isa = PBXBuildFile; fileRef = 2BB6278829A840EF00CF30C2 /* WalletCreation.swift */; };
		2BEF859729AA7B3F00321A4D /* WalletConnect in Frameworks */ = {isa = PBXBuildFile; productRef = 2BEF859629AA7B3F00321A4D /* WalletConnect */; };
		2BEF859929AA7B3F00321A4D /* WalletConnectAuth in Frameworks */ = {isa = PBXBuildFile; productRef = 2BEF859829AA7B3F00321A4D /* WalletConnectAuth */; };
		2BEF859B29AA7B3F00321A4D /* WalletConnectNetworking in Frameworks */ = {isa = PBXBuildFile; productRef = 2BEF859A29AA7B3F00321A4D /* WalletConnectNetworking */; };
		2BEF859D29AA7B3F00321A4D /* WalletConnectPairing in Frameworks */ = {isa = PBXBuildFile; productRef = 2BEF859C29AA7B3F00321A4D /* WalletConnectPairing */; };
		2BEF859F29AA7B3F00321A4D /* WalletConnectPush in Frameworks */ = {isa = PBXBuildFile; productRef = 2BEF859E29AA7B3F00321A4D /* WalletConnectPush */; };
		2BEF85A129AA7B3F00321A4D /* WalletConnectRouter in Frameworks */ = {isa = PBXBuildFile; productRef = 2BEF85A029AA7B3F00321A4D /* WalletConnectRouter */; };
		2BEF85A329AA7B3F00321A4D /* Web3Wallet in Frameworks */ = {isa = PBXBuildFile; productRef = 2BEF85A229AA7B3F00321A4D /* Web3Wallet */; };
		2BEF85A529AA7C2B00321A4D /* GeneralConfig.swift in Sources */ = {isa = PBXBuildFile; fileRef = 2BEF85A429AA7C2B00321A4D /* GeneralConfig.swift */; };
		2BEF85A829AA7EC900321A4D /* Starscream in Frameworks */ = {isa = PBXBuildFile; productRef = 2BEF85A729AA7EC900321A4D /* Starscream */; };
		2BEF85AA29AA7EE600321A4D /* DefaultSocketFactory.swift in Sources */ = {isa = PBXBuildFile; fileRef = 2BEF85A929AA7EE600321A4D /* DefaultSocketFactory.swift */; };
		2BEF85AC29AA86D300321A4D /* CustomTabBarShape.swift in Sources */ = {isa = PBXBuildFile; fileRef = 2BEF85AB29AA86D300321A4D /* CustomTabBarShape.swift */; };
		2BEF85B129AA8CB700321A4D /* DashboardView.swift in Sources */ = {isa = PBXBuildFile; fileRef = 2BEF85B029AA8CB700321A4D /* DashboardView.swift */; };
		2BEF85B329AA967900321A4D /* DashboardCardView.swift in Sources */ = {isa = PBXBuildFile; fileRef = 2BEF85B229AA967900321A4D /* DashboardCardView.swift */; };
		2BEF85B629AA9CDA00321A4D /* SettingsView.swift in Sources */ = {isa = PBXBuildFile; fileRef = 2BEF85B529AA9CDA00321A4D /* SettingsView.swift */; };
		2BEF85BE29AAAF5F00321A4D /* Flow in Frameworks */ = {isa = PBXBuildFile; productRef = 2BEF85BD29AAAF5F00321A4D /* Flow */; };
		2BEF85C029AADB1700321A4D /* FINDProfile.swift in Sources */ = {isa = PBXBuildFile; fileRef = 2BEF85BF29AADB1700321A4D /* FINDProfile.swift */; };
		2BEF85C229AADB9700321A4D /* FIND_Swift.swift in Sources */ = {isa = PBXBuildFile; fileRef = 2BEF85C129AADB9700321A4D /* FIND_Swift.swift */; };
		2BEF85C529AADBDE00321A4D /* Cadence_Scripts.swift in Sources */ = {isa = PBXBuildFile; fileRef = 2BEF85C429AADBDE00321A4D /* Cadence_Scripts.swift */; };
		2BEF85C729AAE53400321A4D /* Cadence_Transactions.swift in Sources */ = {isa = PBXBuildFile; fileRef = 2BEF85C629AAE53400321A4D /* Cadence_Transactions.swift */; };
		2BEF85C929AAEB4A00321A4D /* RoundSpeceficCorners.swift in Sources */ = {isa = PBXBuildFile; fileRef = 2BEF85C829AAEB4A00321A4D /* RoundSpeceficCorners.swift */; };
		2BEF85CC29AAEE5F00321A4D /* CreateFindProfile.swift in Sources */ = {isa = PBXBuildFile; fileRef = 2BEF85CB29AAEE5F00321A4D /* CreateFindProfile.swift */; };
		2BEF85D029AAFDC200321A4D /* EllaSigner.swift in Sources */ = {isa = PBXBuildFile; fileRef = 2BEF85CF29AAFDC200321A4D /* EllaSigner.swift */; };
		2BEF85D829AB502000321A4D /* CryptoKeychain in Frameworks */ = {isa = PBXBuildFile; productRef = 2BEF85D729AB502000321A4D /* CryptoKeychain */; };
		2BEF85E929AC5ABB00321A4D /* QRCodeView.swift in Sources */ = {isa = PBXBuildFile; fileRef = 2BEF85E829AC5ABB00321A4D /* QRCodeView.swift */; };
		2BEF85EB29AC6A3800321A4D /* FlowWallet.swift in Sources */ = {isa = PBXBuildFile; fileRef = 2BEF85EA29AC6A3800321A4D /* FlowWallet.swift */; };
		2BEF85F029AD282200321A4D /* Realm in Frameworks */ = {isa = PBXBuildFile; productRef = 2BEF85EF29AD282200321A4D /* Realm */; };
		2BEF85F229AD282200321A4D /* RealmSwift in Frameworks */ = {isa = PBXBuildFile; productRef = 2BEF85F129AD282200321A4D /* RealmSwift */; };
		2BEF85F629AD2BFD00321A4D /* SupportedToken.swift in Sources */ = {isa = PBXBuildFile; fileRef = 2BEF85F529AD2BFD00321A4D /* SupportedToken.swift */; };
		2BEF85F929AD300C00321A4D /* TokenImages.xcassets in Resources */ = {isa = PBXBuildFile; fileRef = 2BEF85F829AD300C00321A4D /* TokenImages.xcassets */; };
		2BEF85FB29AD4F8100321A4D /* TokenBalanceCardView.swift in Sources */ = {isa = PBXBuildFile; fileRef = 2BEF85FA29AD4F8100321A4D /* TokenBalanceCardView.swift */; };
		2BEF860129AD5BF700321A4D /* SendCryptoView.swift in Sources */ = {isa = PBXBuildFile; fileRef = 2BEF860029AD5BF700321A4D /* SendCryptoView.swift */; };
		2BEF860329AD649900321A4D /* IPFSImage.swift in Sources */ = {isa = PBXBuildFile; fileRef = 2BEF860229AD649900321A4D /* IPFSImage.swift */; };
		2BEF860629AD652900321A4D /* CachedAsyncImage in Frameworks */ = {isa = PBXBuildFile; productRef = 2BEF860529AD652900321A4D /* CachedAsyncImage */; };
/* End PBXBuildFile section */

/* Begin PBXFileReference section */
		2BB6274129A67E5200CF30C2 /* ella.wallet.app */ = {isa = PBXFileReference; explicitFileType = wrapper.application; includeInIndex = 0; path = ella.wallet.app; sourceTree = BUILT_PRODUCTS_DIR; };
		2BB6274429A67E5200CF30C2 /* ella_walletApp.swift */ = {isa = PBXFileReference; lastKnownFileType = sourcecode.swift; path = ella_walletApp.swift; sourceTree = "<group>"; };
		2BB6274629A67E5200CF30C2 /* RouterView.swift */ = {isa = PBXFileReference; lastKnownFileType = sourcecode.swift; path = RouterView.swift; sourceTree = "<group>"; };
		2BB6274829A67E5300CF30C2 /* Assets.xcassets */ = {isa = PBXFileReference; lastKnownFileType = folder.assetcatalog; path = Assets.xcassets; sourceTree = "<group>"; };
		2BB6274B29A67E5300CF30C2 /* Preview Assets.xcassets */ = {isa = PBXFileReference; lastKnownFileType = folder.assetcatalog; path = "Preview Assets.xcassets"; sourceTree = "<group>"; };
		2BB6275729A67F8900CF30C2 /* Colors.xcassets */ = {isa = PBXFileReference; lastKnownFileType = folder.assetcatalog; path = Colors.xcassets; sourceTree = "<group>"; };
		2BB6275B29A67FD300CF30C2 /* Color.swift */ = {isa = PBXFileReference; fileEncoding = 4; lastKnownFileType = sourcecode.swift; path = Color.swift; sourceTree = "<group>"; };
		2BB6275E29A6846D00CF30C2 /* WalletController.swift */ = {isa = PBXFileReference; lastKnownFileType = sourcecode.swift; path = WalletController.swift; sourceTree = SOURCE_ROOT; };
		2BB6276029A6862500CF30C2 /* WelcomeView.swift */ = {isa = PBXFileReference; lastKnownFileType = sourcecode.swift; path = WelcomeView.swift; sourceTree = "<group>"; };
		2BB6276329A6865800CF30C2 /* WalletTabView.swift */ = {isa = PBXFileReference; lastKnownFileType = sourcecode.swift; path = WalletTabView.swift; sourceTree = "<group>"; };
		2BB6276629A6F87800CF30C2 /* CreateWallet.swift */ = {isa = PBXFileReference; lastKnownFileType = sourcecode.swift; path = CreateWallet.swift; sourceTree = "<group>"; };
		2BB6276829A6FE4700CF30C2 /* iOSCheckboxToggleStyle.swift */ = {isa = PBXFileReference; lastKnownFileType = sourcecode.swift; path = iOSCheckboxToggleStyle.swift; sourceTree = "<group>"; };
		2BB6276F29A7C52100CF30C2 /* CreateWalletProgressView.swift */ = {isa = PBXFileReference; lastKnownFileType = sourcecode.swift; path = CreateWalletProgressView.swift; sourceTree = "<group>"; };
		2BB6277729A7E41800CF30C2 /* DataToHex.swift */ = {isa = PBXFileReference; lastKnownFileType = sourcecode.swift; path = DataToHex.swift; sourceTree = "<group>"; };
		2BB6277C29A7EAE700CF30C2 /* WalletErrors.swift */ = {isa = PBXFileReference; lastKnownFileType = sourcecode.swift; path = WalletErrors.swift; sourceTree = "<group>"; };
		2BB6278229A7F8CC00CF30C2 /* GeneralConfig-Example.swift */ = {isa = PBXFileReference; lastKnownFileType = sourcecode.swift; path = "GeneralConfig-Example.swift"; sourceTree = "<group>"; };
		2BB6278829A840EF00CF30C2 /* WalletCreation.swift */ = {isa = PBXFileReference; lastKnownFileType = sourcecode.swift; path = WalletCreation.swift; sourceTree = "<group>"; };
		2BEF85A429AA7C2B00321A4D /* GeneralConfig.swift */ = {isa = PBXFileReference; lastKnownFileType = sourcecode.swift; path = GeneralConfig.swift; sourceTree = "<group>"; };
		2BEF85A929AA7EE600321A4D /* DefaultSocketFactory.swift */ = {isa = PBXFileReference; fileEncoding = 4; lastKnownFileType = sourcecode.swift; path = DefaultSocketFactory.swift; sourceTree = "<group>"; };
		2BEF85AB29AA86D300321A4D /* CustomTabBarShape.swift */ = {isa = PBXFileReference; lastKnownFileType = sourcecode.swift; path = CustomTabBarShape.swift; sourceTree = "<group>"; };
		2BEF85B029AA8CB700321A4D /* DashboardView.swift */ = {isa = PBXFileReference; lastKnownFileType = sourcecode.swift; path = DashboardView.swift; sourceTree = "<group>"; };
		2BEF85B229AA967900321A4D /* DashboardCardView.swift */ = {isa = PBXFileReference; lastKnownFileType = sourcecode.swift; path = DashboardCardView.swift; sourceTree = "<group>"; };
		2BEF85B529AA9CDA00321A4D /* SettingsView.swift */ = {isa = PBXFileReference; lastKnownFileType = sourcecode.swift; path = SettingsView.swift; sourceTree = "<group>"; };
		2BEF85BF29AADB1700321A4D /* FINDProfile.swift */ = {isa = PBXFileReference; lastKnownFileType = sourcecode.swift; path = FINDProfile.swift; sourceTree = "<group>"; };
		2BEF85C129AADB9700321A4D /* FIND_Swift.swift */ = {isa = PBXFileReference; lastKnownFileType = sourcecode.swift; path = FIND_Swift.swift; sourceTree = "<group>"; };
		2BEF85C429AADBDE00321A4D /* Cadence_Scripts.swift */ = {isa = PBXFileReference; fileEncoding = 4; lastKnownFileType = sourcecode.swift; path = Cadence_Scripts.swift; sourceTree = "<group>"; };
		2BEF85C629AAE53400321A4D /* Cadence_Transactions.swift */ = {isa = PBXFileReference; lastKnownFileType = sourcecode.swift; path = Cadence_Transactions.swift; sourceTree = "<group>"; };
		2BEF85C829AAEB4A00321A4D /* RoundSpeceficCorners.swift */ = {isa = PBXFileReference; lastKnownFileType = sourcecode.swift; path = RoundSpeceficCorners.swift; sourceTree = "<group>"; };
		2BEF85CB29AAEE5F00321A4D /* CreateFindProfile.swift */ = {isa = PBXFileReference; lastKnownFileType = sourcecode.swift; path = CreateFindProfile.swift; sourceTree = "<group>"; };
		2BEF85CF29AAFDC200321A4D /* EllaSigner.swift */ = {isa = PBXFileReference; lastKnownFileType = sourcecode.swift; path = EllaSigner.swift; sourceTree = "<group>"; };
		2BEF85D629AB501500321A4D /* CryptoKeychain */ = {isa = PBXFileReference; lastKnownFileType = wrapper; name = CryptoKeychain; path = ../../../../BoiseITGuru/CryptoKeychain; sourceTree = "<group>"; };
		2BEF85E829AC5ABB00321A4D /* QRCodeView.swift */ = {isa = PBXFileReference; lastKnownFileType = sourcecode.swift; path = QRCodeView.swift; sourceTree = "<group>"; };
		2BEF85EA29AC6A3800321A4D /* FlowWallet.swift */ = {isa = PBXFileReference; lastKnownFileType = sourcecode.swift; path = FlowWallet.swift; sourceTree = "<group>"; };
		2BEF85EC29AC8A5D00321A4D /* ella-wallet-Info.plist */ = {isa = PBXFileReference; lastKnownFileType = text.plist; path = "ella-wallet-Info.plist"; sourceTree = SOURCE_ROOT; };
		2BEF85ED29AC8AB100321A4D /* ella.wallet.entitlements */ = {isa = PBXFileReference; lastKnownFileType = text.plist.entitlements; path = ella.wallet.entitlements; sourceTree = "<group>"; };
		2BEF85F529AD2BFD00321A4D /* SupportedToken.swift */ = {isa = PBXFileReference; lastKnownFileType = sourcecode.swift; path = SupportedToken.swift; sourceTree = "<group>"; };
		2BEF85F829AD300C00321A4D /* TokenImages.xcassets */ = {isa = PBXFileReference; lastKnownFileType = folder.assetcatalog; path = TokenImages.xcassets; sourceTree = "<group>"; };
		2BEF85FA29AD4F8100321A4D /* TokenBalanceCardView.swift */ = {isa = PBXFileReference; lastKnownFileType = sourcecode.swift; path = TokenBalanceCardView.swift; sourceTree = "<group>"; };
		2BEF860029AD5BF700321A4D /* SendCryptoView.swift */ = {isa = PBXFileReference; lastKnownFileType = sourcecode.swift; path = SendCryptoView.swift; sourceTree = "<group>"; };
		2BEF860229AD649900321A4D /* IPFSImage.swift */ = {isa = PBXFileReference; fileEncoding = 4; lastKnownFileType = sourcecode.swift; path = IPFSImage.swift; sourceTree = "<group>"; };
/* End PBXFileReference section */

/* Begin PBXFrameworksBuildPhase section */
		2BB6273E29A67E5200CF30C2 /* Frameworks */ = {
			isa = PBXFrameworksBuildPhase;
			buildActionMask = 2147483647;
			files = (
				2BEF85F029AD282200321A4D /* Realm in Frameworks */,
				2BEF85D829AB502000321A4D /* CryptoKeychain in Frameworks */,
				2BB6278029A7F7F400CF30C2 /* RealHTTP in Frameworks */,
				2BEF85F229AD282200321A4D /* RealmSwift in Frameworks */,
				2BEF85A129AA7B3F00321A4D /* WalletConnectRouter in Frameworks */,
				2BEF859D29AA7B3F00321A4D /* WalletConnectPairing in Frameworks */,
				2BEF859729AA7B3F00321A4D /* WalletConnect in Frameworks */,
				2BEF85BE29AAAF5F00321A4D /* Flow in Frameworks */,
				2BEF85A329AA7B3F00321A4D /* Web3Wallet in Frameworks */,
				2BEF860629AD652900321A4D /* CachedAsyncImage in Frameworks */,
				2BEF859B29AA7B3F00321A4D /* WalletConnectNetworking in Frameworks */,
				2BEF859929AA7B3F00321A4D /* WalletConnectAuth in Frameworks */,
				2BEF859F29AA7B3F00321A4D /* WalletConnectPush in Frameworks */,
				2BB6276C29A7011100CF30C2 /* MnemonicSwift in Frameworks */,
				2BB6277629A7E24E00CF30C2 /* CryptoSwift in Frameworks */,
				2BEF85A829AA7EC900321A4D /* Starscream in Frameworks */,
			);
			runOnlyForDeploymentPostprocessing = 0;
		};
/* End PBXFrameworksBuildPhase section */

/* Begin PBXGroup section */
		2BB6273829A67E5200CF30C2 = {
			isa = PBXGroup;
			children = (
				2BEF85D129AB18E700321A4D /* Packages */,
				2BB6274329A67E5200CF30C2 /* ella.wallet */,
				2BB6274229A67E5200CF30C2 /* Products */,
				2BEF85D329AB190800321A4D /* Frameworks */,
			);
			sourceTree = "<group>";
		};
		2BB6274229A67E5200CF30C2 /* Products */ = {
			isa = PBXGroup;
			children = (
				2BB6274129A67E5200CF30C2 /* ella.wallet.app */,
			);
			name = Products;
			sourceTree = "<group>";
		};
		2BB6274329A67E5200CF30C2 /* ella.wallet */ = {
			isa = PBXGroup;
			children = (
				2BEF85ED29AC8AB100321A4D /* ella.wallet.entitlements */,
				2BEF85EC29AC8A5D00321A4D /* ella-wallet-Info.plist */,
				2BB6278129A7F8B900CF30C2 /* Config */,
				2BB6277129A7C56900CF30C2 /* Models */,
				2BB6275629A67F4100CF30C2 /* View Models */,
				2BB6275329A67F0900CF30C2 /* Views */,
				2BB6275929A67FC000CF30C2 /* Utils */,
				2BB6275229A67EFC00CF30C2 /* Misc */,
				2BB6274A29A67E5300CF30C2 /* Preview Content */,
			);
			path = ella.wallet;
			sourceTree = "<group>";
		};
		2BB6274A29A67E5300CF30C2 /* Preview Content */ = {
			isa = PBXGroup;
			children = (
				2BB6274B29A67E5300CF30C2 /* Preview Assets.xcassets */,
			);
			path = "Preview Content";
			sourceTree = "<group>";
		};
		2BB6275229A67EFC00CF30C2 /* Misc */ = {
			isa = PBXGroup;
			children = (
				2BB6274429A67E5200CF30C2 /* ella_walletApp.swift */,
				2BB6274829A67E5300CF30C2 /* Assets.xcassets */,
				2BB6275729A67F8900CF30C2 /* Colors.xcassets */,
				2BEF85F829AD300C00321A4D /* TokenImages.xcassets */,
			);
			path = Misc;
			sourceTree = "<group>";
		};
		2BB6275329A67F0900CF30C2 /* Views */ = {
			isa = PBXGroup;
			children = (
				2BB6276529A6F86500CF30C2 /* Create Wallet Views */,
				2BB6276229A6863000CF30C2 /* Wallet Views */,
				2BB6274629A67E5200CF30C2 /* RouterView.swift */,
				2BB6276029A6862500CF30C2 /* WelcomeView.swift */,
			);
			path = Views;
			sourceTree = "<group>";
		};
		2BB6275629A67F4100CF30C2 /* View Models */ = {
			isa = PBXGroup;
			children = (
				2BB6275E29A6846D00CF30C2 /* WalletController.swift */,
			);
			path = "View Models";
			sourceTree = "<group>";
		};
		2BB6275929A67FC000CF30C2 /* Utils */ = {
			isa = PBXGroup;
			children = (
				2BEF85E529AC5A0F00321A4D /* QR Codes */,
				2BEF85C329AADBC000321A4D /* FIND */,
				2BEF85A929AA7EE600321A4D /* DefaultSocketFactory.swift */,
				2BB6275B29A67FD300CF30C2 /* Color.swift */,
				2BB6276829A6FE4700CF30C2 /* iOSCheckboxToggleStyle.swift */,
				2BEF860229AD649900321A4D /* IPFSImage.swift */,
				2BB6277729A7E41800CF30C2 /* DataToHex.swift */,
				2BEF85AB29AA86D300321A4D /* CustomTabBarShape.swift */,
				2BEF85C829AAEB4A00321A4D /* RoundSpeceficCorners.swift */,
			);
			path = Utils;
			sourceTree = "<group>";
		};
		2BB6276229A6863000CF30C2 /* Wallet Views */ = {
			isa = PBXGroup;
			children = (
				2BEF85B429AA9CC900321A4D /* Settings Views */,
				2BEF85AF29AA8C9E00321A4D /* Dashboard Views */,
				2BB6276329A6865800CF30C2 /* WalletTabView.swift */,
			);
			path = "Wallet Views";
			sourceTree = "<group>";
		};
		2BB6276529A6F86500CF30C2 /* Create Wallet Views */ = {
			isa = PBXGroup;
			children = (
				2BB6276629A6F87800CF30C2 /* CreateWallet.swift */,
				2BB6276F29A7C52100CF30C2 /* CreateWalletProgressView.swift */,
			);
			path = "Create Wallet Views";
			sourceTree = "<group>";
		};
		2BB6277129A7C56900CF30C2 /* Models */ = {
			isa = PBXGroup;
			children = (
				2BEF85F729AD2C0200321A4D /* DB Models */,
				2BB6277C29A7EAE700CF30C2 /* WalletErrors.swift */,
				2BB6278829A840EF00CF30C2 /* WalletCreation.swift */,
				2BEF85BF29AADB1700321A4D /* FINDProfile.swift */,
				2BEF85CF29AAFDC200321A4D /* EllaSigner.swift */,
				2BEF85EA29AC6A3800321A4D /* FlowWallet.swift */,
			);
			path = Models;
			sourceTree = "<group>";
		};
		2BB6278129A7F8B900CF30C2 /* Config */ = {
			isa = PBXGroup;
			children = (
				2BB6278229A7F8CC00CF30C2 /* GeneralConfig-Example.swift */,
				2BEF85A429AA7C2B00321A4D /* GeneralConfig.swift */,
			);
			path = Config;
			sourceTree = "<group>";
		};
		2BEF85AF29AA8C9E00321A4D /* Dashboard Views */ = {
			isa = PBXGroup;
			children = (
				2BEF85B029AA8CB700321A4D /* DashboardView.swift */,
				2BEF85B229AA967900321A4D /* DashboardCardView.swift */,
				2BEF85FA29AD4F8100321A4D /* TokenBalanceCardView.swift */,
				2BEF860029AD5BF700321A4D /* SendCryptoView.swift */,
			);
			path = "Dashboard Views";
			sourceTree = "<group>";
		};
		2BEF85B429AA9CC900321A4D /* Settings Views */ = {
			isa = PBXGroup;
			children = (
				2BEF85CA29AAEE3C00321A4D /* FIND */,
				2BEF85B529AA9CDA00321A4D /* SettingsView.swift */,
			);
			path = "Settings Views";
			sourceTree = "<group>";
		};
		2BEF85C329AADBC000321A4D /* FIND */ = {
			isa = PBXGroup;
			children = (
				2BEF85C629AAE53400321A4D /* Cadence_Transactions.swift */,
				2BEF85C429AADBDE00321A4D /* Cadence_Scripts.swift */,
				2BEF85C129AADB9700321A4D /* FIND_Swift.swift */,
			);
			path = FIND;
			sourceTree = "<group>";
		};
		2BEF85CA29AAEE3C00321A4D /* FIND */ = {
			isa = PBXGroup;
			children = (
				2BEF85CB29AAEE5F00321A4D /* CreateFindProfile.swift */,
			);
			path = FIND;
			sourceTree = "<group>";
		};
		2BEF85D129AB18E700321A4D /* Packages */ = {
			isa = PBXGroup;
			children = (
				2BEF85D629AB501500321A4D /* CryptoKeychain */,
			);
			name = Packages;
			sourceTree = "<group>";
		};
		2BEF85D329AB190800321A4D /* Frameworks */ = {
			isa = PBXGroup;
			children = (
			);
			name = Frameworks;
			sourceTree = "<group>";
		};
		2BEF85E529AC5A0F00321A4D /* QR Codes */ = {
			isa = PBXGroup;
			children = (
				2BEF85E829AC5ABB00321A4D /* QRCodeView.swift */,
			);
			path = "QR Codes";
			sourceTree = "<group>";
		};
		2BEF85F729AD2C0200321A4D /* DB Models */ = {
			isa = PBXGroup;
			children = (
				2BEF85F529AD2BFD00321A4D /* SupportedToken.swift */,
			);
			path = "DB Models";
			sourceTree = "<group>";
		};
/* End PBXGroup section */

/* Begin PBXNativeTarget section */
		2BB6274029A67E5200CF30C2 /* ella.wallet */ = {
			isa = PBXNativeTarget;
			buildConfigurationList = 2BB6274F29A67E5300CF30C2 /* Build configuration list for PBXNativeTarget "ella.wallet" */;
			buildPhases = (
				2BB6273D29A67E5200CF30C2 /* Sources */,
				2BB6273E29A67E5200CF30C2 /* Frameworks */,
				2BB6273F29A67E5200CF30C2 /* Resources */,
			);
			buildRules = (
			);
			dependencies = (
			);
			name = ella.wallet;
			packageProductDependencies = (
				2BB6276B29A7011100CF30C2 /* MnemonicSwift */,
				2BB6277529A7E24E00CF30C2 /* CryptoSwift */,
				2BB6277F29A7F7F400CF30C2 /* RealHTTP */,
				2BEF859629AA7B3F00321A4D /* WalletConnect */,
				2BEF859829AA7B3F00321A4D /* WalletConnectAuth */,
				2BEF859A29AA7B3F00321A4D /* WalletConnectNetworking */,
				2BEF859C29AA7B3F00321A4D /* WalletConnectPairing */,
				2BEF859E29AA7B3F00321A4D /* WalletConnectPush */,
				2BEF85A029AA7B3F00321A4D /* WalletConnectRouter */,
				2BEF85A229AA7B3F00321A4D /* Web3Wallet */,
				2BEF85A729AA7EC900321A4D /* Starscream */,
				2BEF85BD29AAAF5F00321A4D /* Flow */,
				2BEF85D729AB502000321A4D /* CryptoKeychain */,
				2BEF85EF29AD282200321A4D /* Realm */,
				2BEF85F129AD282200321A4D /* RealmSwift */,
				2BEF860529AD652900321A4D /* CachedAsyncImage */,
			);
			productName = ella.wallet;
			productReference = 2BB6274129A67E5200CF30C2 /* ella.wallet.app */;
			productType = "com.apple.product-type.application";
		};
/* End PBXNativeTarget section */

/* Begin PBXProject section */
		2BB6273929A67E5200CF30C2 /* Project object */ = {
			isa = PBXProject;
			attributes = {
				BuildIndependentTargetsInParallel = 1;
				LastSwiftUpdateCheck = 1420;
				LastUpgradeCheck = 1420;
				TargetAttributes = {
					2BB6274029A67E5200CF30C2 = {
						CreatedOnToolsVersion = 14.2;
					};
				};
			};
			buildConfigurationList = 2BB6273C29A67E5200CF30C2 /* Build configuration list for PBXProject "ella.wallet" */;
			compatibilityVersion = "Xcode 14.0";
			developmentRegion = en;
			hasScannedForEncodings = 0;
			knownRegions = (
				en,
				Base,
			);
			mainGroup = 2BB6273829A67E5200CF30C2;
			packageReferences = (
				2BB6276A29A7011100CF30C2 /* XCRemoteSwiftPackageReference "MnemonicSwift" */,
				2BB6277429A7E24E00CF30C2 /* XCRemoteSwiftPackageReference "CryptoSwift" */,
				2BB6277E29A7F7F400CF30C2 /* XCRemoteSwiftPackageReference "RealHTTP" */,
				2BEF859529AA7B3F00321A4D /* XCRemoteSwiftPackageReference "WalletConnectSwiftV2" */,
				2BEF85A629AA7EC900321A4D /* XCRemoteSwiftPackageReference "starscream" */,
				2BEF85BC29AAAF5F00321A4D /* XCRemoteSwiftPackageReference "flow-swift" */,
				2BEF85EE29AD282200321A4D /* XCRemoteSwiftPackageReference "realm-swift" */,
				2BEF860429AD652900321A4D /* XCRemoteSwiftPackageReference "swiftui-cached-async-image" */,
			);
			productRefGroup = 2BB6274229A67E5200CF30C2 /* Products */;
			projectDirPath = "";
			projectRoot = "";
			targets = (
				2BB6274029A67E5200CF30C2 /* ella.wallet */,
			);
		};
/* End PBXProject section */

/* Begin PBXResourcesBuildPhase section */
		2BB6273F29A67E5200CF30C2 /* Resources */ = {
			isa = PBXResourcesBuildPhase;
			buildActionMask = 2147483647;
			files = (
				2BB6275829A67F8900CF30C2 /* Colors.xcassets in Resources */,
				2BB6274C29A67E5300CF30C2 /* Preview Assets.xcassets in Resources */,
				2BB6274929A67E5300CF30C2 /* Assets.xcassets in Resources */,
				2BEF85F929AD300C00321A4D /* TokenImages.xcassets in Resources */,
			);
			runOnlyForDeploymentPostprocessing = 0;
		};
/* End PBXResourcesBuildPhase section */

/* Begin PBXSourcesBuildPhase section */
		2BB6273D29A67E5200CF30C2 /* Sources */ = {
			isa = PBXSourcesBuildPhase;
			buildActionMask = 2147483647;
			files = (
				2BEF85AC29AA86D300321A4D /* CustomTabBarShape.swift in Sources */,
				2BB6274729A67E5200CF30C2 /* RouterView.swift in Sources */,
				2BB6278329A7F8CC00CF30C2 /* GeneralConfig-Example.swift in Sources */,
				2BB6276129A6862500CF30C2 /* WelcomeView.swift in Sources */,
				2BEF85F629AD2BFD00321A4D /* SupportedToken.swift in Sources */,
				2BEF85C529AADBDE00321A4D /* Cadence_Scripts.swift in Sources */,
				2BEF85B329AA967900321A4D /* DashboardCardView.swift in Sources */,
				2BEF85B629AA9CDA00321A4D /* SettingsView.swift in Sources */,
				2BEF85E929AC5ABB00321A4D /* QRCodeView.swift in Sources */,
				2BB6275D29A67FD300CF30C2 /* Color.swift in Sources */,
				2BEF85CC29AAEE5F00321A4D /* CreateFindProfile.swift in Sources */,
				2BB6276429A6865800CF30C2 /* WalletTabView.swift in Sources */,
				2BB6276929A6FE4700CF30C2 /* iOSCheckboxToggleStyle.swift in Sources */,
				2BB6275F29A6846D00CF30C2 /* WalletController.swift in Sources */,
				2BEF85C229AADB9700321A4D /* FIND_Swift.swift in Sources */,
				2BB6277829A7E41800CF30C2 /* DataToHex.swift in Sources */,
				2BB6277029A7C52100CF30C2 /* CreateWalletProgressView.swift in Sources */,
				2BEF85EB29AC6A3800321A4D /* FlowWallet.swift in Sources */,
				2BB6276729A6F87800CF30C2 /* CreateWallet.swift in Sources */,
				2BEF85AA29AA7EE600321A4D /* DefaultSocketFactory.swift in Sources */,
				2BEF85B129AA8CB700321A4D /* DashboardView.swift in Sources */,
				2BB6278929A840EF00CF30C2 /* WalletCreation.swift in Sources */,
				2BB6274529A67E5200CF30C2 /* ella_walletApp.swift in Sources */,
				2BEF85C929AAEB4A00321A4D /* RoundSpeceficCorners.swift in Sources */,
				2BEF85C729AAE53400321A4D /* Cadence_Transactions.swift in Sources */,
				2BEF85FB29AD4F8100321A4D /* TokenBalanceCardView.swift in Sources */,
				2BEF85A529AA7C2B00321A4D /* GeneralConfig.swift in Sources */,
				2BEF85D029AAFDC200321A4D /* EllaSigner.swift in Sources */,
				2BEF85C029AADB1700321A4D /* FINDProfile.swift in Sources */,
				2BB6277D29A7EAE700CF30C2 /* WalletErrors.swift in Sources */,
				2BEF860129AD5BF700321A4D /* SendCryptoView.swift in Sources */,
				2BEF860329AD649900321A4D /* IPFSImage.swift in Sources */,
			);
			runOnlyForDeploymentPostprocessing = 0;
		};
/* End PBXSourcesBuildPhase section */

/* Begin XCBuildConfiguration section */
		2BB6274D29A67E5300CF30C2 /* Debug */ = {
			isa = XCBuildConfiguration;
			buildSettings = {
				ALWAYS_SEARCH_USER_PATHS = NO;
				CLANG_ANALYZER_NONNULL = YES;
				CLANG_ANALYZER_NUMBER_OBJECT_CONVERSION = YES_AGGRESSIVE;
				CLANG_CXX_LANGUAGE_STANDARD = "gnu++20";
				CLANG_ENABLE_MODULES = YES;
				CLANG_ENABLE_OBJC_ARC = YES;
				CLANG_ENABLE_OBJC_WEAK = YES;
				CLANG_WARN_BLOCK_CAPTURE_AUTORELEASING = YES;
				CLANG_WARN_BOOL_CONVERSION = YES;
				CLANG_WARN_COMMA = YES;
				CLANG_WARN_CONSTANT_CONVERSION = YES;
				CLANG_WARN_DEPRECATED_OBJC_IMPLEMENTATIONS = YES;
				CLANG_WARN_DIRECT_OBJC_ISA_USAGE = YES_ERROR;
				CLANG_WARN_DOCUMENTATION_COMMENTS = YES;
				CLANG_WARN_EMPTY_BODY = YES;
				CLANG_WARN_ENUM_CONVERSION = YES;
				CLANG_WARN_INFINITE_RECURSION = YES;
				CLANG_WARN_INT_CONVERSION = YES;
				CLANG_WARN_NON_LITERAL_NULL_CONVERSION = YES;
				CLANG_WARN_OBJC_IMPLICIT_RETAIN_SELF = YES;
				CLANG_WARN_OBJC_LITERAL_CONVERSION = YES;
				CLANG_WARN_OBJC_ROOT_CLASS = YES_ERROR;
				CLANG_WARN_QUOTED_INCLUDE_IN_FRAMEWORK_HEADER = YES;
				CLANG_WARN_RANGE_LOOP_ANALYSIS = YES;
				CLANG_WARN_STRICT_PROTOTYPES = YES;
				CLANG_WARN_SUSPICIOUS_MOVE = YES;
				CLANG_WARN_UNGUARDED_AVAILABILITY = YES_AGGRESSIVE;
				CLANG_WARN_UNREACHABLE_CODE = YES;
				CLANG_WARN__DUPLICATE_METHOD_MATCH = YES;
				COPY_PHASE_STRIP = NO;
				DEBUG_INFORMATION_FORMAT = dwarf;
				ENABLE_STRICT_OBJC_MSGSEND = YES;
				ENABLE_TESTABILITY = YES;
				GCC_C_LANGUAGE_STANDARD = gnu11;
				GCC_DYNAMIC_NO_PIC = NO;
				GCC_NO_COMMON_BLOCKS = YES;
				GCC_OPTIMIZATION_LEVEL = 0;
				GCC_PREPROCESSOR_DEFINITIONS = (
					"DEBUG=1",
					"$(inherited)",
				);
				GCC_WARN_64_TO_32_BIT_CONVERSION = YES;
				GCC_WARN_ABOUT_RETURN_TYPE = YES_ERROR;
				GCC_WARN_UNDECLARED_SELECTOR = YES;
				GCC_WARN_UNINITIALIZED_AUTOS = YES_AGGRESSIVE;
				GCC_WARN_UNUSED_FUNCTION = YES;
				GCC_WARN_UNUSED_VARIABLE = YES;
				IPHONEOS_DEPLOYMENT_TARGET = 16.2;
				MTL_ENABLE_DEBUG_INFO = INCLUDE_SOURCE;
				MTL_FAST_MATH = YES;
				ONLY_ACTIVE_ARCH = YES;
				SDKROOT = iphoneos;
				SWIFT_ACTIVE_COMPILATION_CONDITIONS = DEBUG;
				SWIFT_OPTIMIZATION_LEVEL = "-Onone";
			};
			name = Debug;
		};
		2BB6274E29A67E5300CF30C2 /* Release */ = {
			isa = XCBuildConfiguration;
			buildSettings = {
				ALWAYS_SEARCH_USER_PATHS = NO;
				CLANG_ANALYZER_NONNULL = YES;
				CLANG_ANALYZER_NUMBER_OBJECT_CONVERSION = YES_AGGRESSIVE;
				CLANG_CXX_LANGUAGE_STANDARD = "gnu++20";
				CLANG_ENABLE_MODULES = YES;
				CLANG_ENABLE_OBJC_ARC = YES;
				CLANG_ENABLE_OBJC_WEAK = YES;
				CLANG_WARN_BLOCK_CAPTURE_AUTORELEASING = YES;
				CLANG_WARN_BOOL_CONVERSION = YES;
				CLANG_WARN_COMMA = YES;
				CLANG_WARN_CONSTANT_CONVERSION = YES;
				CLANG_WARN_DEPRECATED_OBJC_IMPLEMENTATIONS = YES;
				CLANG_WARN_DIRECT_OBJC_ISA_USAGE = YES_ERROR;
				CLANG_WARN_DOCUMENTATION_COMMENTS = YES;
				CLANG_WARN_EMPTY_BODY = YES;
				CLANG_WARN_ENUM_CONVERSION = YES;
				CLANG_WARN_INFINITE_RECURSION = YES;
				CLANG_WARN_INT_CONVERSION = YES;
				CLANG_WARN_NON_LITERAL_NULL_CONVERSION = YES;
				CLANG_WARN_OBJC_IMPLICIT_RETAIN_SELF = YES;
				CLANG_WARN_OBJC_LITERAL_CONVERSION = YES;
				CLANG_WARN_OBJC_ROOT_CLASS = YES_ERROR;
				CLANG_WARN_QUOTED_INCLUDE_IN_FRAMEWORK_HEADER = YES;
				CLANG_WARN_RANGE_LOOP_ANALYSIS = YES;
				CLANG_WARN_STRICT_PROTOTYPES = YES;
				CLANG_WARN_SUSPICIOUS_MOVE = YES;
				CLANG_WARN_UNGUARDED_AVAILABILITY = YES_AGGRESSIVE;
				CLANG_WARN_UNREACHABLE_CODE = YES;
				CLANG_WARN__DUPLICATE_METHOD_MATCH = YES;
				COPY_PHASE_STRIP = NO;
				DEBUG_INFORMATION_FORMAT = "dwarf-with-dsym";
				ENABLE_NS_ASSERTIONS = NO;
				ENABLE_STRICT_OBJC_MSGSEND = YES;
				GCC_C_LANGUAGE_STANDARD = gnu11;
				GCC_NO_COMMON_BLOCKS = YES;
				GCC_WARN_64_TO_32_BIT_CONVERSION = YES;
				GCC_WARN_ABOUT_RETURN_TYPE = YES_ERROR;
				GCC_WARN_UNDECLARED_SELECTOR = YES;
				GCC_WARN_UNINITIALIZED_AUTOS = YES_AGGRESSIVE;
				GCC_WARN_UNUSED_FUNCTION = YES;
				GCC_WARN_UNUSED_VARIABLE = YES;
				IPHONEOS_DEPLOYMENT_TARGET = 16.2;
				MTL_ENABLE_DEBUG_INFO = NO;
				MTL_FAST_MATH = YES;
				SDKROOT = iphoneos;
				SWIFT_COMPILATION_MODE = wholemodule;
				SWIFT_OPTIMIZATION_LEVEL = "-O";
				VALIDATE_PRODUCT = YES;
			};
			name = Release;
		};
		2BB6275029A67E5300CF30C2 /* Debug */ = {
			isa = XCBuildConfiguration;
			buildSettings = {
				ASSETCATALOG_COMPILER_APPICON_NAME = AppIcon;
				ASSETCATALOG_COMPILER_GLOBAL_ACCENT_COLOR_NAME = AccentColor;
				CODE_SIGN_ENTITLEMENTS = ella.wallet/ella.wallet.entitlements;
				CODE_SIGN_STYLE = Automatic;
				CURRENT_PROJECT_VERSION = 1;
				DEVELOPMENT_ASSET_PATHS = "\"ella.wallet/Preview Content\"";
				DEVELOPMENT_TEAM = Q67CC4F7S9;
				ENABLE_PREVIEWS = YES;
				GENERATE_INFOPLIST_FILE = YES;
				INFOPLIST_FILE = "ella-wallet-Info.plist";
				INFOPLIST_KEY_NSCameraUsageDescription = "The camera is used to scan QR Codes for adding new devices to your wallet";
				INFOPLIST_KEY_UIApplicationSceneManifest_Generation = YES;
				INFOPLIST_KEY_UIApplicationSupportsIndirectInputEvents = YES;
				INFOPLIST_KEY_UILaunchScreen_Generation = YES;
				INFOPLIST_KEY_UISupportedInterfaceOrientations_iPad = "UIInterfaceOrientationPortrait UIInterfaceOrientationPortraitUpsideDown UIInterfaceOrientationLandscapeLeft UIInterfaceOrientationLandscapeRight";
				INFOPLIST_KEY_UISupportedInterfaceOrientations_iPhone = "UIInterfaceOrientationPortrait UIInterfaceOrientationLandscapeLeft UIInterfaceOrientationLandscapeRight";
				LD_RUNPATH_SEARCH_PATHS = (
					"$(inherited)",
					"@executable_path/Frameworks",
				);
				MARKETING_VERSION = 1.0;
				PRODUCT_BUNDLE_IDENTIFIER = codes.ella.wallet;
				PRODUCT_NAME = "$(TARGET_NAME)";
				SWIFT_EMIT_LOC_STRINGS = YES;
				SWIFT_VERSION = 5.0;
				TARGETED_DEVICE_FAMILY = "1,2";
			};
			name = Debug;
		};
		2BB6275129A67E5300CF30C2 /* Release */ = {
			isa = XCBuildConfiguration;
			buildSettings = {
				ASSETCATALOG_COMPILER_APPICON_NAME = AppIcon;
				ASSETCATALOG_COMPILER_GLOBAL_ACCENT_COLOR_NAME = AccentColor;
				CODE_SIGN_ENTITLEMENTS = ella.wallet/ella.wallet.entitlements;
				CODE_SIGN_STYLE = Automatic;
				CURRENT_PROJECT_VERSION = 1;
				DEVELOPMENT_ASSET_PATHS = "\"ella.wallet/Preview Content\"";
				DEVELOPMENT_TEAM = Q67CC4F7S9;
				ENABLE_PREVIEWS = YES;
				GENERATE_INFOPLIST_FILE = YES;
				INFOPLIST_FILE = "ella-wallet-Info.plist";
				INFOPLIST_KEY_NSCameraUsageDescription = "The camera is used to scan QR Codes for adding new devices to your wallet";
				INFOPLIST_KEY_UIApplicationSceneManifest_Generation = YES;
				INFOPLIST_KEY_UIApplicationSupportsIndirectInputEvents = YES;
				INFOPLIST_KEY_UILaunchScreen_Generation = YES;
				INFOPLIST_KEY_UISupportedInterfaceOrientations_iPad = "UIInterfaceOrientationPortrait UIInterfaceOrientationPortraitUpsideDown UIInterfaceOrientationLandscapeLeft UIInterfaceOrientationLandscapeRight";
				INFOPLIST_KEY_UISupportedInterfaceOrientations_iPhone = "UIInterfaceOrientationPortrait UIInterfaceOrientationLandscapeLeft UIInterfaceOrientationLandscapeRight";
				LD_RUNPATH_SEARCH_PATHS = (
					"$(inherited)",
					"@executable_path/Frameworks",
				);
				MARKETING_VERSION = 1.0;
				PRODUCT_BUNDLE_IDENTIFIER = codes.ella.wallet;
				PRODUCT_NAME = "$(TARGET_NAME)";
				SWIFT_EMIT_LOC_STRINGS = YES;
				SWIFT_VERSION = 5.0;
				TARGETED_DEVICE_FAMILY = "1,2";
			};
			name = Release;
		};
/* End XCBuildConfiguration section */

/* Begin XCConfigurationList section */
		2BB6273C29A67E5200CF30C2 /* Build configuration list for PBXProject "ella.wallet" */ = {
			isa = XCConfigurationList;
			buildConfigurations = (
				2BB6274D29A67E5300CF30C2 /* Debug */,
				2BB6274E29A67E5300CF30C2 /* Release */,
			);
			defaultConfigurationIsVisible = 0;
			defaultConfigurationName = Release;
		};
		2BB6274F29A67E5300CF30C2 /* Build configuration list for PBXNativeTarget "ella.wallet" */ = {
			isa = XCConfigurationList;
			buildConfigurations = (
				2BB6275029A67E5300CF30C2 /* Debug */,
				2BB6275129A67E5300CF30C2 /* Release */,
			);
			defaultConfigurationIsVisible = 0;
			defaultConfigurationName = Release;
		};
/* End XCConfigurationList section */

/* Begin XCRemoteSwiftPackageReference section */
		2BB6276A29A7011100CF30C2 /* XCRemoteSwiftPackageReference "MnemonicSwift" */ = {
			isa = XCRemoteSwiftPackageReference;
			repositoryURL = "https://github.com/zcash-hackworks/MnemonicSwift";
			requirement = {
				branch = master;
				kind = branch;
			};
		};
		2BB6277429A7E24E00CF30C2 /* XCRemoteSwiftPackageReference "CryptoSwift" */ = {
			isa = XCRemoteSwiftPackageReference;
			repositoryURL = "https://github.com/krzyzanowskim/CryptoSwift#how-to";
			requirement = {
				branch = main;
				kind = branch;
			};
		};
		2BB6277E29A7F7F400CF30C2 /* XCRemoteSwiftPackageReference "RealHTTP" */ = {
			isa = XCRemoteSwiftPackageReference;
			repositoryURL = "https://github.com/immobiliare/RealHTTP/";
			requirement = {
				kind = upToNextMajorVersion;
				minimumVersion = 1.0.0;
			};
		};
		2BEF859529AA7B3F00321A4D /* XCRemoteSwiftPackageReference "WalletConnectSwiftV2" */ = {
			isa = XCRemoteSwiftPackageReference;
			repositoryURL = "https://github.com/WalletConnect/WalletConnectSwiftV2";
			requirement = {
				branch = main;
				kind = branch;
			};
		};
		2BEF85A629AA7EC900321A4D /* XCRemoteSwiftPackageReference "starscream" */ = {
			isa = XCRemoteSwiftPackageReference;
			repositoryURL = "https://github.com/daltoniam/starscream";
			requirement = {
				kind = upToNextMajorVersion;
				minimumVersion = 4.0.0;
			};
		};
		2BEF85BC29AAAF5F00321A4D /* XCRemoteSwiftPackageReference "flow-swift" */ = {
			isa = XCRemoteSwiftPackageReference;
			repositoryURL = "https://github.com/Outblock/flow-swift";
			requirement = {
				kind = upToNextMajorVersion;
				minimumVersion = 0.3.3;
			};
		};
		2BEF85EE29AD282200321A4D /* XCRemoteSwiftPackageReference "realm-swift" */ = {
			isa = XCRemoteSwiftPackageReference;
			repositoryURL = "https://github.com/realm/realm-swift.git";
			requirement = {
				kind = upToNextMajorVersion;
				minimumVersion = 10.36.0;
			};
		};
		2BEF860429AD652900321A4D /* XCRemoteSwiftPackageReference "swiftui-cached-async-image" */ = {
			isa = XCRemoteSwiftPackageReference;
			repositoryURL = "https://github.com/lorenzofiamingo/swiftui-cached-async-image";
			requirement = {
				kind = upToNextMajorVersion;
				minimumVersion = 2.0.0;
			};
		};
/* End XCRemoteSwiftPackageReference section */

/* Begin XCSwiftPackageProductDependency section */
		2BB6276B29A7011100CF30C2 /* MnemonicSwift */ = {
			isa = XCSwiftPackageProductDependency;
			package = 2BB6276A29A7011100CF30C2 /* XCRemoteSwiftPackageReference "MnemonicSwift" */;
			productName = MnemonicSwift;
		};
		2BB6277529A7E24E00CF30C2 /* CryptoSwift */ = {
			isa = XCSwiftPackageProductDependency;
			package = 2BB6277429A7E24E00CF30C2 /* XCRemoteSwiftPackageReference "CryptoSwift" */;
			productName = CryptoSwift;
		};
		2BB6277F29A7F7F400CF30C2 /* RealHTTP */ = {
			isa = XCSwiftPackageProductDependency;
			package = 2BB6277E29A7F7F400CF30C2 /* XCRemoteSwiftPackageReference "RealHTTP" */;
			productName = RealHTTP;
		};
		2BEF859629AA7B3F00321A4D /* WalletConnect */ = {
			isa = XCSwiftPackageProductDependency;
			package = 2BEF859529AA7B3F00321A4D /* XCRemoteSwiftPackageReference "WalletConnectSwiftV2" */;
			productName = WalletConnect;
		};
		2BEF859829AA7B3F00321A4D /* WalletConnectAuth */ = {
			isa = XCSwiftPackageProductDependency;
			package = 2BEF859529AA7B3F00321A4D /* XCRemoteSwiftPackageReference "WalletConnectSwiftV2" */;
			productName = WalletConnectAuth;
		};
		2BEF859A29AA7B3F00321A4D /* WalletConnectNetworking */ = {
			isa = XCSwiftPackageProductDependency;
			package = 2BEF859529AA7B3F00321A4D /* XCRemoteSwiftPackageReference "WalletConnectSwiftV2" */;
			productName = WalletConnectNetworking;
		};
		2BEF859C29AA7B3F00321A4D /* WalletConnectPairing */ = {
			isa = XCSwiftPackageProductDependency;
			package = 2BEF859529AA7B3F00321A4D /* XCRemoteSwiftPackageReference "WalletConnectSwiftV2" */;
			productName = WalletConnectPairing;
		};
		2BEF859E29AA7B3F00321A4D /* WalletConnectPush */ = {
			isa = XCSwiftPackageProductDependency;
			package = 2BEF859529AA7B3F00321A4D /* XCRemoteSwiftPackageReference "WalletConnectSwiftV2" */;
			productName = WalletConnectPush;
		};
		2BEF85A029AA7B3F00321A4D /* WalletConnectRouter */ = {
			isa = XCSwiftPackageProductDependency;
			package = 2BEF859529AA7B3F00321A4D /* XCRemoteSwiftPackageReference "WalletConnectSwiftV2" */;
			productName = WalletConnectRouter;
		};
		2BEF85A229AA7B3F00321A4D /* Web3Wallet */ = {
			isa = XCSwiftPackageProductDependency;
			package = 2BEF859529AA7B3F00321A4D /* XCRemoteSwiftPackageReference "WalletConnectSwiftV2" */;
			productName = Web3Wallet;
		};
		2BEF85A729AA7EC900321A4D /* Starscream */ = {
			isa = XCSwiftPackageProductDependency;
			package = 2BEF85A629AA7EC900321A4D /* XCRemoteSwiftPackageReference "starscream" */;
			productName = Starscream;
		};
		2BEF85BD29AAAF5F00321A4D /* Flow */ = {
			isa = XCSwiftPackageProductDependency;
			package = 2BEF85BC29AAAF5F00321A4D /* XCRemoteSwiftPackageReference "flow-swift" */;
			productName = Flow;
		};
		2BEF85D729AB502000321A4D /* CryptoKeychain */ = {
			isa = XCSwiftPackageProductDependency;
			productName = CryptoKeychain;
		};
		2BEF85EF29AD282200321A4D /* Realm */ = {
			isa = XCSwiftPackageProductDependency;
			package = 2BEF85EE29AD282200321A4D /* XCRemoteSwiftPackageReference "realm-swift" */;
			productName = Realm;
		};
		2BEF85F129AD282200321A4D /* RealmSwift */ = {
			isa = XCSwiftPackageProductDependency;
			package = 2BEF85EE29AD282200321A4D /* XCRemoteSwiftPackageReference "realm-swift" */;
			productName = RealmSwift;
		};
		2BEF860529AD652900321A4D /* CachedAsyncImage */ = {
			isa = XCSwiftPackageProductDependency;
			package = 2BEF860429AD652900321A4D /* XCRemoteSwiftPackageReference "swiftui-cached-async-image" */;
			productName = CachedAsyncImage;
		};
/* End XCSwiftPackageProductDependency section */
	};
	rootObject = 2BB6273929A67E5200CF30C2 /* Project object */;
}
